
Microsoft Visual Studio Solution File, Format Version 12.00
# Visual Studio Version 17
VisualStudioVersion = 17.2.32630.192
MinimumVisualStudioVersion = 10.0.40219.1
Project("{FAE04EC0-301F-11D3-BF4B-00C04F79EFBC}") = "OOP.ConsoleExample", "OOP.ConsoleExample\OOP.ConsoleExample.csproj", "{131511DB-F10D-4D86-900F-5AF66059D972}"
EndProject
Project("{FAE04EC0-301F-11D3-BF4B-00C04F79EFBC}") = "AudioManager", "AudioManager\AudioManager.csproj", "{53DE293F-CA04-4ED3-A0A9-9172411BC555}"
EndProject
Global
	GlobalSection(SolutionConfigurationPlatforms) = preSolution
		Debug|Any CPU = Debug|Any CPU
		Release|Any CPU = Release|Any CPU
	EndGlobalSection
	GlobalSection(ProjectConfigurationPlatforms) = postSolution
		{131511DB-F10D-4D86-900F-5AF66059D972}.Debug|Any CPU.ActiveCfg = Debug|Any CPU
		{131511DB-F10D-4D86-900F-5AF66059D972}.Debug|Any CPU.Build.0 = Debug|Any CPU
		{131511DB-F10D-4D86-900F-5AF66059D972}.Release|Any CPU.ActiveCfg = Release|Any CPU
		{131511DB-F10D-4D86-900F-5AF66059D972}.Release|Any CPU.Build.0 = Release|Any CPU
		{53DE293F-CA04-4ED3-A0A9-9172411BC555}.Debug|Any CPU.ActiveCfg = Debug|Any CPU
		{53DE293F-CA04-4ED3-A0A9-9172411BC555}.Debug|Any CPU.Build.0 = Debug|Any CPU
		{53DE293F-CA04-4ED3-A0A9-9172411BC555}.Release|Any CPU.ActiveCfg = Release|Any CPU
		{53DE293F-CA04-4ED3-A0A9-9172411BC555}.Release|Any CPU.Build.0 = Release|Any CPU
	EndGlobalSection
	GlobalSection(SolutionProperties) = preSolution
		HideSolutionNode = FALSE
	EndGlobalSection
	GlobalSection(ExtensibilityGlobals) = postSolution
		SolutionGuid = {587F7664-06D8-464E-A8F8-6F6962C0E70D}
	EndGlobalSection
EndGlobal
